
Microsoft Visual Studio Solution File, Format Version 12.00
# Visual Studio Version 17
VisualStudioVersion = 17.0.31903.59
MinimumVisualStudioVersion = 10.0.40219.1
Project("{2150E333-8FDC-42A3-9474-1A3956D46DE8}") = "apps", "apps", "{A361D0A1-190F-45E9-A336-89E24962A38A}"
EndProject
Project("{2150E333-8FDC-42A3-9474-1A3956D46DE8}") = "assistant", "assistant", "{D87B2C7B-E0B2-43E4-9848-AB606561A9D2}"
EndProject
Project("{FAE04EC0-301F-11D3-BF4B-00C04F79EFBC}") = "Reqcraft.Assistant", "apps\assistant\Reqcraft.Assistant\Reqcraft.Assistant.csproj", "{02245FD7-48AC-473C-923C-B8F1E6D6117D}"
EndProject
Project("{FAE04EC0-301F-11D3-BF4B-00C04F79EFBC}") = "Reqcraft.Assistant.Tests", "apps\assistant\Reqcraft.Assistant.Tests\Reqcraft.Assistant.Tests.csproj", "{170C89E9-8832-4A9E-929D-C02A5E610FBD}"
EndProject
Project("{2150E333-8FDC-42A3-9474-1A3956D46DE8}") = "shared", "shared", "{947022EC-37A6-4EAA-8AEC-98545B17B564}"
EndProject
Project("{FAE04EC0-301F-11D3-BF4B-00C04F79EFBC}") = "Reqcraft.Shared.ServiceDefaults", "shared\Reqcraft.Shared.ServiceDefaults\Reqcraft.Shared.ServiceDefaults.csproj", "{06E12454-61E0-4D0B-8658-9504568E417F}"
EndProject
Project("{2150E333-8FDC-42A3-9474-1A3956D46DE8}") = "host", "host", "{4D3F24D6-E48C-4DF1-96ED-F4E89B56B2BD}"
EndProject
Project("{FAE04EC0-301F-11D3-BF4B-00C04F79EFBC}") = "Reqcraft.AppHost", "host\Reqcraft.AppHost\Reqcraft.AppHost.csproj", "{9A169FC3-6B29-4747-A238-04590ACF7E03}"
EndProject
Global
	GlobalSection(SolutionConfigurationPlatforms) = preSolution
		Debug|Any CPU = Debug|Any CPU
		Release|Any CPU = Release|Any CPU
	EndGlobalSection
	GlobalSection(SolutionProperties) = preSolution
		HideSolutionNode = FALSE
	EndGlobalSection
	GlobalSection(ProjectConfigurationPlatforms) = postSolution
		{02245FD7-48AC-473C-923C-B8F1E6D6117D}.Debug|Any CPU.ActiveCfg = Debug|Any CPU
		{02245FD7-48AC-473C-923C-B8F1E6D6117D}.Debug|Any CPU.Build.0 = Debug|Any CPU
		{02245FD7-48AC-473C-923C-B8F1E6D6117D}.Release|Any CPU.ActiveCfg = Release|Any CPU
		{02245FD7-48AC-473C-923C-B8F1E6D6117D}.Release|Any CPU.Build.0 = Release|Any CPU
		{170C89E9-8832-4A9E-929D-C02A5E610FBD}.Debug|Any CPU.ActiveCfg = Debug|Any CPU
		{170C89E9-8832-4A9E-929D-C02A5E610FBD}.Debug|Any CPU.Build.0 = Debug|Any CPU
		{170C89E9-8832-4A9E-929D-C02A5E610FBD}.Release|Any CPU.ActiveCfg = Release|Any CPU
		{170C89E9-8832-4A9E-929D-C02A5E610FBD}.Release|Any CPU.Build.0 = Release|Any CPU
		{06E12454-61E0-4D0B-8658-9504568E417F}.Debug|Any CPU.ActiveCfg = Debug|Any CPU
		{06E12454-61E0-4D0B-8658-9504568E417F}.Debug|Any CPU.Build.0 = Debug|Any CPU
		{06E12454-61E0-4D0B-8658-9504568E417F}.Release|Any CPU.ActiveCfg = Release|Any CPU
		{06E12454-61E0-4D0B-8658-9504568E417F}.Release|Any CPU.Build.0 = Release|Any CPU
		{9A169FC3-6B29-4747-A238-04590ACF7E03}.Debug|Any CPU.ActiveCfg = Debug|Any CPU
		{9A169FC3-6B29-4747-A238-04590ACF7E03}.Debug|Any CPU.Build.0 = Debug|Any CPU
		{9A169FC3-6B29-4747-A238-04590ACF7E03}.Release|Any CPU.ActiveCfg = Release|Any CPU
		{9A169FC3-6B29-4747-A238-04590ACF7E03}.Release|Any CPU.Build.0 = Release|Any CPU
	EndGlobalSection
	GlobalSection(NestedProjects) = preSolution
		{D87B2C7B-E0B2-43E4-9848-AB606561A9D2} = {A361D0A1-190F-45E9-A336-89E24962A38A}
		{02245FD7-48AC-473C-923C-B8F1E6D6117D} = {D87B2C7B-E0B2-43E4-9848-AB606561A9D2}
		{170C89E9-8832-4A9E-929D-C02A5E610FBD} = {D87B2C7B-E0B2-43E4-9848-AB606561A9D2}
		{06E12454-61E0-4D0B-8658-9504568E417F} = {947022EC-37A6-4EAA-8AEC-98545B17B564}
		{9A169FC3-6B29-4747-A238-04590ACF7E03} = {4D3F24D6-E48C-4DF1-96ED-F4E89B56B2BD}
	EndGlobalSection
EndGlobal
